
Microsoft Visual Studio Solution File, Format Version 12.00
# Visual Studio Version 17
VisualStudioVersion = 17.0.32112.339
MinimumVisualStudioVersion = 10.0.40219.1
Project("{F184B08F-C81C-45F6-A57F-5ABD9991F28F}") = "bangundatar", "bangundatar.vbproj", "{2BB332D4-2CC5-406F-8F4F-8BF32AB0A02E}"
EndProject
Global
	GlobalSection(SolutionConfigurationPlatforms) = preSolution
		Debug|Any CPU = Debug|Any CPU
		Release|Any CPU = Release|Any CPU
	EndGlobalSection
	GlobalSection(ProjectConfigurationPlatforms) = postSolution
		{2BB332D4-2CC5-406F-8F4F-8BF32AB0A02E}.Debug|Any CPU.ActiveCfg = Debug|Any CPU
		{2BB332D4-2CC5-406F-8F4F-8BF32AB0A02E}.Debug|Any CPU.Build.0 = Debug|Any CPU
		{2BB332D4-2CC5-406F-8F4F-8BF32AB0A02E}.Release|Any CPU.ActiveCfg = Release|Any CPU
		{2BB332D4-2CC5-406F-8F4F-8BF32AB0A02E}.Release|Any CPU.Build.0 = Release|Any CPU
	EndGlobalSection
	GlobalSection(SolutionProperties) = preSolution
		HideSolutionNode = FALSE
	EndGlobalSection
	GlobalSection(ExtensibilityGlobals) = postSolution
		SolutionGuid = {2B2E3E86-F2A4-4193-AFD8-DD884226E178}
	EndGlobalSection
EndGlobal
